
Microsoft Visual Studio Solution File, Format Version 12.00
# Visual Studio 15
VisualStudioVersion = 15.0.28010.2016
MinimumVisualStudioVersion = 10.0.40219.1
Project("{FAE04EC0-301F-11D3-BF4B-00C04F79EFBC}") = "WpfProductKey", "WpfApp1\WpfProductKey.csproj", "{5A4ECB7D-E8A5-46AA-88E8-0091F6C36333}"
EndProject
Global
	GlobalSection(SolutionConfigurationPlatforms) = preSolution
		Debug|Any CPU = Debug|Any CPU
		Release|Any CPU = Release|Any CPU
	EndGlobalSection
	GlobalSection(ProjectConfigurationPlatforms) = postSolution
		{5A4ECB7D-E8A5-46AA-88E8-0091F6C36333}.Debug|Any CPU.ActiveCfg = Debug|Any CPU
		{5A4ECB7D-E8A5-46AA-88E8-0091F6C36333}.Debug|Any CPU.Build.0 = Debug|Any CPU
		{5A4ECB7D-E8A5-46AA-88E8-0091F6C36333}.Release|Any CPU.ActiveCfg = Release|Any CPU
		{5A4ECB7D-E8A5-46AA-88E8-0091F6C36333}.Release|Any CPU.Build.0 = Release|Any CPU
	EndGlobalSection
	GlobalSection(SolutionProperties) = preSolution
		HideSolutionNode = FALSE
	EndGlobalSection
	GlobalSection(ExtensibilityGlobals) = postSolution
		SolutionGuid = {533C78AE-BDEA-40F9-A5C4-241CB8D55317}
	EndGlobalSection
EndGlobal
